
Microsoft Visual Studio Solution File, Format Version 12.00
# Visual Studio Version 16
VisualStudioVersion = 16.0.29215.179
MinimumVisualStudioVersion = 10.0.40219.1
Project("{FAE04EC0-301F-11D3-BF4B-00C04F79EFBC}") = "Sheet1", "Sheet1\Sheet1.csproj", "{8EFAECD6-6E5C-43E3-91F9-1C02E049BEAF}"
EndProject
Global
	GlobalSection(SolutionConfigurationPlatforms) = preSolution
		Debug|Any CPU = Debug|Any CPU
		Release|Any CPU = Release|Any CPU
	EndGlobalSection
	GlobalSection(ProjectConfigurationPlatforms) = postSolution
		{8EFAECD6-6E5C-43E3-91F9-1C02E049BEAF}.Debug|Any CPU.ActiveCfg = Debug|Any CPU
		{8EFAECD6-6E5C-43E3-91F9-1C02E049BEAF}.Debug|Any CPU.Build.0 = Debug|Any CPU
		{8EFAECD6-6E5C-43E3-91F9-1C02E049BEAF}.Release|Any CPU.ActiveCfg = Release|Any CPU
		{8EFAECD6-6E5C-43E3-91F9-1C02E049BEAF}.Release|Any CPU.Build.0 = Release|Any CPU
	EndGlobalSection
	GlobalSection(SolutionProperties) = preSolution
		HideSolutionNode = FALSE
	EndGlobalSection
	GlobalSection(ExtensibilityGlobals) = postSolution
		SolutionGuid = {A247E8BB-3894-496B-948F-AB69C4FF7C8C}
	EndGlobalSection
EndGlobal
